{
  "name": "@netlogix/jsonapi-src",
  "version": "2.4.0",
  "dependencies": {
    "@angular/core": {
      "version": "2.4.0",
      "from": "@angular/core@>=2.4.0 <3.0.0",
      "resolved": "https://registry.npmjs.org/@angular/core/-/core-2.4.0.tgz"
    },
    "@angular/http": {
      "version": "2.4.0",
      "from": "@angular/http@>=2.4.0 <3.0.0",
      "resolved": "https://registry.npmjs.org/@angular/http/-/http-2.4.0.tgz"
    },
    "rxjs": {
      "version": "5.0.1",
      "from": "rxjs@>=5.0.1 <6.0.0",
      "resolved": "https://registry.npmjs.org/rxjs/-/rxjs-5.0.1.tgz"
    },
    "symbol-observable": {
      "version": "1.0.4",
      "from": "symbol-observable@>=1.0.1 <2.0.0",
      "resolved": "https://registry.npmjs.org/symbol-observable/-/symbol-observable-1.0.4.tgz"
    }
  }
}
